// !$*UTF8*$!
{
	archiveVersion = 1;
	classes = {
	};
	objectVersion = 46;
	objects = {

/* Begin PBXBuildFile section */
		0575D75519BE159B003BA404 /* Foundation.framework in Frameworks */ = {isa = PBXBuildFile; fileRef = 0575D75419BE159B003BA404 /* Foundation.framework */; };
		0575D75719BE159B003BA404 /* CoreGraphics.framework in Frameworks */ = {isa = PBXBuildFile; fileRef = 0575D75619BE159B003BA404 /* CoreGraphics.framework */; };
		0575D75919BE159B003BA404 /* UIKit.framework in Frameworks */ = {isa = PBXBuildFile; fileRef = 0575D75819BE159B003BA404 /* UIKit.framework */; };
		0575D75F19BE159B003BA404 /* InfoPlist.strings in Resources */ = {isa = PBXBuildFile; fileRef = 0575D75D19BE159B003BA404 /* InfoPlist.strings */; };
		0575D76119BE159B003BA404 /* main.m in Sources */ = {isa = PBXBuildFile; fileRef = 0575D76019BE159B003BA404 /* main.m */; };
		0575D76519BE159B003BA404 /* FIXAppDelegate.m in Sources */ = {isa = PBXBuildFile; fileRef = 0575D76419BE159B003BA404 /* FIXAppDelegate.m */; };
		0575D76819BE159B003BA404 /* Main.storyboard in Resources */ = {isa = PBXBuildFile; fileRef = 0575D76619BE159B003BA404 /* Main.storyboard */; };
		0575D76B19BE159B003BA404 /* FIXViewController.m in Sources */ = {isa = PBXBuildFile; fileRef = 0575D76A19BE159B003BA404 /* FIXViewController.m */; };
		0575D76D19BE159B003BA404 /* Images.xcassets in Resources */ = {isa = PBXBuildFile; fileRef = 0575D76C19BE159B003BA404 /* Images.xcassets */; };
		0575D77419BE159B003BA404 /* XCTest.framework in Frameworks */ = {isa = PBXBuildFile; fileRef = 0575D77319BE159B003BA404 /* XCTest.framework */; };
		0575D77519BE159B003BA404 /* Foundation.framework in Frameworks */ = {isa = PBXBuildFile; fileRef = 0575D75419BE159B003BA404 /* Foundation.framework */; };
		0575D77619BE159B003BA404 /* UIKit.framework in Frameworks */ = {isa = PBXBuildFile; fileRef = 0575D75819BE159B003BA404 /* UIKit.framework */; };
		0575D77E19BE159C003BA404 /* InfoPlist.strings in Resources */ = {isa = PBXBuildFile; fileRef = 0575D77C19BE159C003BA404 /* InfoPlist.strings */; };
		0575D78019BE159C003BA404 /* User_Data_ChallengeTests.m in Sources */ = {isa = PBXBuildFile; fileRef = 0575D77F19BE159C003BA404 /* User_Data_ChallengeTests.m */; };
		0575D78B19BE1631003BA404 /* FIXUserData.m in Sources */ = {isa = PBXBuildFile; fileRef = 0575D78A19BE1631003BA404 /* FIXUserData.m */; };
/* End PBXBuildFile section */

/* Begin PBXContainerItemProxy section */
		0575D77719BE159B003BA404 /* PBXContainerItemProxy */ = {
			isa = PBXContainerItemProxy;
			containerPortal = 0575D74919BE159B003BA404 /* Project object */;
			proxyType = 1;
			remoteGlobalIDString = 0575D75019BE159B003BA404;
			remoteInfo = "User Data Challenge";
		};
/* End PBXContainerItemProxy section */

/* Begin PBXFileReference section */
		0575D75119BE159B003BA404 /* User Data Challenge.app */ = {isa = PBXFileReference; explicitFileType = wrapper.application; includeInIndex = 0; path = "User Data Challenge.app"; sourceTree = BUILT_PRODUCTS_DIR; };
		0575D75419BE159B003BA404 /* Foundation.framework */ = {isa = PBXFileReference; lastKnownFileType = wrapper.framework; name = Foundation.framework; path = System/Library/Frameworks/Foundation.framework; sourceTree = SDKROOT; };
		0575D75619BE159B003BA404 /* CoreGraphics.framework */ = {isa = PBXFileReference; lastKnownFileType = wrapper.framework; name = CoreGraphics.framework; path = System/Library/Frameworks/CoreGraphics.framework; sourceTree = SDKROOT; };
		0575D75819BE159B003BA404 /* UIKit.framework */ = {isa = PBXFileReference; lastKnownFileType = wrapper.framework; name = UIKit.framework; path = System/Library/Frameworks/UIKit.framework; sourceTree = SDKROOT; };
		0575D75C19BE159B003BA404 /* User Data Challenge-Info.plist */ = {isa = PBXFileReference; lastKnownFileType = text.plist.xml; path = "User Data Challenge-Info.plist"; sourceTree = "<group>"; };
		0575D75E19BE159B003BA404 /* en */ = {isa = PBXFileReference; lastKnownFileType = text.plist.strings; name = en; path = en.lproj/InfoPlist.strings; sourceTree = "<group>"; };
		0575D76019BE159B003BA404 /* main.m */ = {isa = PBXFileReference; lastKnownFileType = sourcecode.c.objc; path = main.m; sourceTree = "<group>"; };
		0575D76219BE159B003BA404 /* User Data Challenge-Prefix.pch */ = {isa = PBXFileReference; lastKnownFileType = sourcecode.c.h; path = "User Data Challenge-Prefix.pch"; sourceTree = "<group>"; };
		0575D76319BE159B003BA404 /* FIXAppDelegate.h */ = {isa = PBXFileReference; lastKnownFileType = sourcecode.c.h; path = FIXAppDelegate.h; sourceTree = "<group>"; };
		0575D76419BE159B003BA404 /* FIXAppDelegate.m */ = {isa = PBXFileReference; lastKnownFileType = sourcecode.c.objc; path = FIXAppDelegate.m; sourceTree = "<group>"; };
		0575D76719BE159B003BA404 /* Base */ = {isa = PBXFileReference; lastKnownFileType = file.storyboard; name = Base; path = Base.lproj/Main.storyboard; sourceTree = "<group>"; };
		0575D76919BE159B003BA404 /* FIXViewController.h */ = {isa = PBXFileReference; lastKnownFileType = sourcecode.c.h; path = FIXViewController.h; sourceTree = "<group>"; };
		0575D76A19BE159B003BA404 /* FIXViewController.m */ = {isa = PBXFileReference; lastKnownFileType = sourcecode.c.objc; path = FIXViewController.m; sourceTree = "<group>"; };
		0575D76C19BE159B003BA404 /* Images.xcassets */ = {isa = PBXFileReference; lastKnownFileType = folder.assetcatalog; path = Images.xcassets; sourceTree = "<group>"; };
		0575D77219BE159B003BA404 /* User Data ChallengeTests.xctest */ = {isa = PBXFileReference; explicitFileType = wrapper.cfbundle; includeInIndex = 0; path = "User Data ChallengeTests.xctest"; sourceTree = BUILT_PRODUCTS_DIR; };
		0575D77319BE159B003BA404 /* XCTest.framework */ = {isa = PBXFileReference; lastKnownFileType = wrapper.framework; name = XCTest.framework; path = Library/Frameworks/XCTest.framework; sourceTree = DEVELOPER_DIR; };
		0575D77B19BE159C003BA404 /* User Data ChallengeTests-Info.plist */ = {isa = PBXFileReference; lastKnownFileType = text.plist.xml; path = "User Data ChallengeTests-Info.plist"; sourceTree = "<group>"; };
		0575D77D19BE159C003BA404 /* en */ = {isa = PBXFileReference; lastKnownFileType = text.plist.strings; name = en; path = en.lproj/InfoPlist.strings; sourceTree = "<group>"; };
		0575D77F19BE159C003BA404 /* User_Data_ChallengeTests.m */ = {isa = PBXFileReference; lastKnownFileType = sourcecode.c.objc; path = User_Data_ChallengeTests.m; sourceTree = "<group>"; };
		0575D78919BE1631003BA404 /* FIXUserData.h */ = {isa = PBXFileReference; fileEncoding = 4; lastKnownFileType = sourcecode.c.h; name = FIXUserData.h; path = ../FIXUserData.h; sourceTree = "<group>"; };
		0575D78A19BE1631003BA404 /* FIXUserData.m */ = {isa = PBXFileReference; fileEncoding = 4; lastKnownFileType = sourcecode.c.objc; name = FIXUserData.m; path = ../FIXUserData.m; sourceTree = "<group>"; };
/* End PBXFileReference section */

/* Begin PBXFrameworksBuildPhase section */
		0575D74E19BE159B003BA404 /* Frameworks */ = {
			isa = PBXFrameworksBuildPhase;
			buildActionMask = 2147483647;
			files = (
				0575D75719BE159B003BA404 /* CoreGraphics.framework in Frameworks */,
				0575D75919BE159B003BA404 /* UIKit.framework in Frameworks */,
				0575D75519BE159B003BA404 /* Foundation.framework in Frameworks */,
			);
			runOnlyForDeploymentPostprocessing = 0;
		};
		0575D76F19BE159B003BA404 /* Frameworks */ = {
			isa = PBXFrameworksBuildPhase;
			buildActionMask = 2147483647;
			files = (
				0575D77419BE159B003BA404 /* XCTest.framework in Frameworks */,
				0575D77619BE159B003BA404 /* UIKit.framework in Frameworks */,
				0575D77519BE159B003BA404 /* Foundation.framework in Frameworks */,
			);
			runOnlyForDeploymentPostprocessing = 0;
		};
/* End PBXFrameworksBuildPhase section */

/* Begin PBXGroup section */
		0575D74819BE159B003BA404 = {
			isa = PBXGroup;
			children = (
				0575D75A19BE159B003BA404 /* User Data Challenge */,
				0575D77919BE159B003BA404 /* User Data ChallengeTests */,
				0575D75319BE159B003BA404 /* Frameworks */,
				0575D75219BE159B003BA404 /* Products */,
			);
			sourceTree = "<group>";
		};
		0575D75219BE159B003BA404 /* Products */ = {
			isa = PBXGroup;
			children = (
				0575D75119BE159B003BA404 /* User Data Challenge.app */,
				0575D77219BE159B003BA404 /* User Data ChallengeTests.xctest */,
			);
			name = Products;
			sourceTree = "<group>";
		};
		0575D75319BE159B003BA404 /* Frameworks */ = {
			isa = PBXGroup;
			children = (
				0575D75419BE159B003BA404 /* Foundation.framework */,
				0575D75619BE159B003BA404 /* CoreGraphics.framework */,
				0575D75819BE159B003BA404 /* UIKit.framework */,
				0575D77319BE159B003BA404 /* XCTest.framework */,
			);
			name = Frameworks;
			sourceTree = "<group>";
		};
		0575D75A19BE159B003BA404 /* User Data Challenge */ = {
			isa = PBXGroup;
			children = (
				0575D76319BE159B003BA404 /* FIXAppDelegate.h */,
				0575D76419BE159B003BA404 /* FIXAppDelegate.m */,
				0575D76619BE159B003BA404 /* Main.storyboard */,
				0575D76919BE159B003BA404 /* FIXViewController.h */,
				0575D76A19BE159B003BA404 /* FIXViewController.m */,
				0575D78C19BF4865003BA404 /* Model */,
				0575D76C19BE159B003BA404 /* Images.xcassets */,
				0575D75B19BE159B003BA404 /* Supporting Files */,
			);
			path = "User Data Challenge";
			sourceTree = "<group>";
		};
		0575D75B19BE159B003BA404 /* Supporting Files */ = {
			isa = PBXGroup;
			children = (
				0575D75C19BE159B003BA404 /* User Data Challenge-Info.plist */,
				0575D75D19BE159B003BA404 /* InfoPlist.strings */,
				0575D76019BE159B003BA404 /* main.m */,
				0575D76219BE159B003BA404 /* User Data Challenge-Prefix.pch */,
			);
			name = "Supporting Files";
			sourceTree = "<group>";
		};
		0575D77919BE159B003BA404 /* User Data ChallengeTests */ = {
			isa = PBXGroup;
			children = (
				0575D77F19BE159C003BA404 /* User_Data_ChallengeTests.m */,
				0575D77A19BE159C003BA404 /* Supporting Files */,
			);
			path = "User Data ChallengeTests";
			sourceTree = "<group>";
		};
		0575D77A19BE159C003BA404 /* Supporting Files */ = {
			isa = PBXGroup;
			children = (
				0575D77B19BE159C003BA404 /* User Data ChallengeTests-Info.plist */,
				0575D77C19BE159C003BA404 /* InfoPlist.strings */,
			);
			name = "Supporting Files";
			sourceTree = "<group>";
		};
		0575D78C19BF4865003BA404 /* Model */ = {
			isa = PBXGroup;
			children = (
				0575D78919BE1631003BA404 /* FIXUserData.h */,
				0575D78A19BE1631003BA404 /* FIXUserData.m */,
			);
			name = Model;
			sourceTree = "<group>";
		};
/* End PBXGroup section */

/* Begin PBXNativeTarget section */
		0575D75019BE159B003BA404 /* User Data Challenge */ = {
			isa = PBXNativeTarget;
			buildConfigurationList = 0575D78319BE159C003BA404 /* Build configuration list for PBXNativeTarget "User Data Challenge" */;
			buildPhases = (
				0575D74D19BE159B003BA404 /* Sources */,
				0575D74E19BE159B003BA404 /* Frameworks */,
				0575D74F19BE159B003BA404 /* Resources */,
			);
			buildRules = (
			);
			dependencies = (
			);
			name = "User Data Challenge";
			productName = "User Data Challenge";
			productReference = 0575D75119BE159B003BA404 /* User Data Challenge.app */;
			productType = "com.apple.product-type.application";
		};
		0575D77119BE159B003BA404 /* User Data ChallengeTests */ = {
			isa = PBXNativeTarget;
			buildConfigurationList = 0575D78619BE159C003BA404 /* Build configuration list for PBXNativeTarget "User Data ChallengeTests" */;
			buildPhases = (
				0575D76E19BE159B003BA404 /* Sources */,
				0575D76F19BE159B003BA404 /* Frameworks */,
				0575D77019BE159B003BA404 /* Resources */,
			);
			buildRules = (
			);
			dependencies = (
				0575D77819BE159B003BA404 /* PBXTargetDependency */,
			);
			name = "User Data ChallengeTests";
			productName = "User Data ChallengeTests";
			productReference = 0575D77219BE159B003BA404 /* User Data ChallengeTests.xctest */;
			productType = "com.apple.product-type.bundle.unit-test";
		};
/* End PBXNativeTarget section */

/* Begin PBXProject section */
		0575D74919BE159B003BA404 /* Project object */ = {
			isa = PBXProject;
			attributes = {
				CLASSPREFIX = FIX;
				LastUpgradeCheck = 0510;
				ORGANIZATIONNAME = "Andrew Bell";
				TargetAttributes = {
					0575D77119BE159B003BA404 = {
						TestTargetID = 0575D75019BE159B003BA404;
					};
				};
			};
			buildConfigurationList = 0575D74C19BE159B003BA404 /* Build configuration list for PBXProject "User Data Challenge" */;
			compatibilityVersion = "Xcode 3.2";
			developmentRegion = English;
			hasScannedForEncodings = 0;
			knownRegions = (
				en,
				Base,
			);
			mainGroup = 0575D74819BE159B003BA404;
			productRefGroup = 0575D75219BE159B003BA404 /* Products */;
			projectDirPath = "";
			projectRoot = "";
			targets = (
				0575D75019BE159B003BA404 /* User Data Challenge */,
				0575D77119BE159B003BA404 /* User Data ChallengeTests */,
			);
		};
/* End PBXProject section */

/* Begin PBXResourcesBuildPhase section */
		0575D74F19BE159B003BA404 /* Resources */ = {
			isa = PBXResourcesBuildPhase;
			buildActionMask = 2147483647;
			files = (
				0575D76D19BE159B003BA404 /* Images.xcassets in Resources */,
				0575D75F19BE159B003BA404 /* InfoPlist.strings in Resources */,
				0575D76819BE159B003BA404 /* Main.storyboard in Resources */,
			);
			runOnlyForDeploymentPostprocessing = 0;
		};
		0575D77019BE159B003BA404 /* Resources */ = {
			isa = PBXResourcesBuildPhase;
			buildActionMask = 2147483647;
			files = (
				0575D77E19BE159C003BA404 /* InfoPlist.strings in Resources */,
			);
			runOnlyForDeploymentPostprocessing = 0;
		};
/* End PBXResourcesBuildPhase section */

/* Begin PBXSourcesBuildPhase section */
		0575D74D19BE159B003BA404 /* Sources */ = {
			isa = PBXSourcesBuildPhase;
			buildActionMask = 2147483647;
			files = (
				0575D78B19BE1631003BA404 /* FIXUserData.m in Sources */,
				0575D76B19BE159B003BA404 /* FIXViewController.m in Sources */,
				0575D76519BE159B003BA404 /* FIXAppDelegate.m in Sources */,
				0575D76119BE159B003BA404 /* main.m in Sources */,
			);
			runOnlyForDeploymentPostprocessing = 0;
		};
		0575D76E19BE159B003BA404 /* Sources */ = {
			isa = PBXSourcesBuildPhase;
			buildActionMask = 2147483647;
			files = (
				0575D78019BE159C003BA404 /* User_Data_ChallengeTests.m in Sources */,
			);
			runOnlyForDeploymentPostprocessing = 0;
		};
/* End PBXSourcesBuildPhase section */

/* Begin PBXTargetDependency section */
		0575D77819BE159B003BA404 /* PBXTargetDependency */ = {
			isa = PBXTargetDependency;
			target = 0575D75019BE159B003BA404 /* User Data Challenge */;
			targetProxy = 0575D77719BE159B003BA404 /* PBXContainerItemProxy */;
		};
/* End PBXTargetDependency section */

/* Begin PBXVariantGroup section */
		0575D75D19BE159B003BA404 /* InfoPlist.strings */ = {
			isa = PBXVariantGroup;
			children = (
				0575D75E19BE159B003BA404 /* en */,
			);
			name = InfoPlist.strings;
			sourceTree = "<group>";
		};
		0575D76619BE159B003BA404 /* Main.storyboard */ = {
			isa = PBXVariantGroup;
			children = (
				0575D76719BE159B003BA404 /* Base */,
			);
			name = Main.storyboard;
			sourceTree = "<group>";
		};
		0575D77C19BE159C003BA404 /* InfoPlist.strings */ = {
			isa = PBXVariantGroup;
			children = (
				0575D77D19BE159C003BA404 /* en */,
			);
			name = InfoPlist.strings;
			sourceTree = "<group>";
		};
/* End PBXVariantGroup section */

/* Begin XCBuildConfiguration section */
		0575D78119BE159C003BA404 /* Debug */ = {
			isa = XCBuildConfiguration;
			buildSettings = {
				ALWAYS_SEARCH_USER_PATHS = NO;
				CLANG_CXX_LANGUAGE_STANDARD = "gnu++0x";
				CLANG_CXX_LIBRARY = "libc++";
				CLANG_ENABLE_MODULES = YES;
				CLANG_ENABLE_OBJC_ARC = YES;
				CLANG_WARN_BOOL_CONVERSION = YES;
				CLANG_WARN_CONSTANT_CONVERSION = YES;
				CLANG_WARN_DIRECT_OBJC_ISA_USAGE = YES_ERROR;
				CLANG_WARN_EMPTY_BODY = YES;
				CLANG_WARN_ENUM_CONVERSION = YES;
				CLANG_WARN_INT_CONVERSION = YES;
				CLANG_WARN_OBJC_ROOT_CLASS = YES_ERROR;
				CLANG_WARN__DUPLICATE_METHOD_MATCH = YES;
				"CODE_SIGN_IDENTITY[sdk=iphoneos*]" = "iPhone Developer";
				COPY_PHASE_STRIP = NO;
				GCC_C_LANGUAGE_STANDARD = gnu99;
				GCC_DYNAMIC_NO_PIC = NO;
				GCC_OPTIMIZATION_LEVEL = 0;
				GCC_PREPROCESSOR_DEFINITIONS = (
					"DEBUG=1",
					"$(inherited)",
				);
				GCC_SYMBOLS_PRIVATE_EXTERN = NO;
				GCC_WARN_64_TO_32_BIT_CONVERSION = YES;
				GCC_WARN_ABOUT_RETURN_TYPE = YES_ERROR;
				GCC_WARN_UNDECLARED_SELECTOR = YES;
				GCC_WARN_UNINITIALIZED_AUTOS = YES_AGGRESSIVE;
				GCC_WARN_UNUSED_FUNCTION = YES;
				GCC_WARN_UNUSED_VARIABLE = YES;
				IPHONEOS_DEPLOYMENT_TARGET = 7.1;
				ONLY_ACTIVE_ARCH = YES;
				SDKROOT = iphoneos;
			};
			name = Debug;
		};
		0575D78219BE159C003BA404 /* Release */ = {
			isa = XCBuildConfiguration;
			buildSettings = {
				ALWAYS_SEARCH_USER_PATHS = NO;
				CLANG_CXX_LANGUAGE_STANDARD = "gnu++0x";
				CLANG_CXX_LIBRARY = "libc++";
				CLANG_ENABLE_MODULES = YES;
				CLANG_ENABLE_OBJC_ARC = YES;
				CLANG_WARN_BOOL_CONVERSION = YES;
				CLANG_WARN_CONSTANT_CONVERSION = YES;
				CLANG_WARN_DIRECT_OBJC_ISA_USAGE = YES_ERROR;
				CLANG_WARN_EMPTY_BODY = YES;
				CLANG_WARN_ENUM_CONVERSION = YES;
				CLANG_WARN_INT_CONVERSION = YES;
				CLANG_WARN_OBJC_ROOT_CLASS = YES_ERROR;
				CLANG_WARN__DUPLICATE_METHOD_MATCH = YES;
				"CODE_SIGN_IDENTITY[sdk=iphoneos*]" = "iPhone Developer";
				COPY_PHASE_STRIP = YES;
				ENABLE_NS_ASSERTIONS = NO;
				GCC_C_LANGUAGE_STANDARD = gnu99;
				GCC_WARN_64_TO_32_BIT_CONVERSION = YES;
				GCC_WARN_ABOUT_RETURN_TYPE = YES_ERROR;
				GCC_WARN_UNDECLARED_SELECTOR = YES;
				GCC_WARN_UNINITIALIZED_AUTOS = YES_AGGRESSIVE;
				GCC_WARN_UNUSED_FUNCTION = YES;
				GCC_WARN_UNUSED_VARIABLE = YES;
				IPHONEOS_DEPLOYMENT_TARGET = 7.1;
				SDKROOT = iphoneos;
				VALIDATE_PRODUCT = YES;
			};
			name = Release;
		};
		0575D78419BE159C003BA404 /* Debug */ = {
			isa = XCBuildConfiguration;
			buildSettings = {
				ASSETCATALOG_COMPILER_APPICON_NAME = AppIcon;
				ASSETCATALOG_COMPILER_LAUNCHIMAGE_NAME = LaunchImage;
				GCC_PRECOMPILE_PREFIX_HEADER = YES;
				GCC_PREFIX_HEADER = "User Data Challenge/User Data Challenge-Prefix.pch";
				INFOPLIST_FILE = "User Data Challenge/User Data Challenge-Info.plist";
				PRODUCT_NAME = "$(TARGET_NAME)";
				WRAPPER_EXTENSION = app;
			};
			name = Debug;
		};
		0575D78519BE159C003BA404 /* Release */ = {
			isa = XCBuildConfiguration;
			buildSettings = {
				ASSETCATALOG_COMPILER_APPICON_NAME = AppIcon;
				ASSETCATALOG_COMPILER_LAUNCHIMAGE_NAME = LaunchImage;
				GCC_PRECOMPILE_PREFIX_HEADER = YES;
				GCC_PREFIX_HEADER = "User Data Challenge/User Data Challenge-Prefix.pch";
				INFOPLIST_FILE = "User Data Challenge/User Data Challenge-Info.plist";
				PRODUCT_NAME = "$(TARGET_NAME)";
				WRAPPER_EXTENSION = app;
			};
			name = Release;
		};
		0575D78719BE159C003BA404 /* Debug */ = {
			isa = XCBuildConfiguration;
			buildSettings = {
				BUNDLE_LOADER = "$(BUILT_PRODUCTS_DIR)/User Data Challenge.app/User Data Challenge";
				FRAMEWORK_SEARCH_PATHS = (
					"$(SDKROOT)/Developer/Library/Frameworks",
					"$(inherited)",
					"$(DEVELOPER_FRAMEWORKS_DIR)",
				);
				GCC_PRECOMPILE_PREFIX_HEADER = YES;
				GCC_PREFIX_HEADER = "User Data Challenge/User Data Challenge-Prefix.pch";
				GCC_PREPROCESSOR_DEFINITIONS = (
					"DEBUG=1",
					"$(inherited)",
				);
				INFOPLIST_FILE = "User Data ChallengeTests/User Data ChallengeTests-Info.plist";
				PRODUCT_NAME = "$(TARGET_NAME)";
				TEST_HOST = "$(BUNDLE_LOADER)";
				WRAPPER_EXTENSION = xctest;
			};
			name = Debug;
		};
		0575D78819BE159C003BA404 /* Release */ = {
			isa = XCBuildConfiguration;
			buildSettings = {
				BUNDLE_LOADER = "$(BUILT_PRODUCTS_DIR)/User Data Challenge.app/User Data Challenge";
				FRAMEWORK_SEARCH_PATHS = (
					"$(SDKROOT)/Developer/Library/Frameworks",
					"$(inherited)",
					"$(DEVELOPER_FRAMEWORKS_DIR)",
				);
				GCC_PRECOMPILE_PREFIX_HEADER = YES;
				GCC_PREFIX_HEADER = "User Data Challenge/User Data Challenge-Prefix.pch";
				INFOPLIST_FILE = "User Data ChallengeTests/User Data ChallengeTests-Info.plist";
				PRODUCT_NAME = "$(TARGET_NAME)";
				TEST_HOST = "$(BUNDLE_LOADER)";
				WRAPPER_EXTENSION = xctest;
			};
			name = Release;
		};
/* End XCBuildConfiguration section */

/* Begin XCConfigurationList section */
		0575D74C19BE159B003BA404 /* Build configuration list for PBXProject "User Data Challenge" */ = {
			isa = XCConfigurationList;
			buildConfigurations = (
				0575D78119BE159C003BA404 /* Debug */,
				0575D78219BE159C003BA404 /* Release */,
			);
			defaultConfigurationIsVisible = 0;
			defaultConfigurationName = Release;
		};
		0575D78319BE159C003BA404 /* Build configuration list for PBXNativeTarget "User Data Challenge" */ = {
			isa = XCConfigurationList;
			buildConfigurations = (
				0575D78419BE159C003BA404 /* Debug */,
				0575D78519BE159C003BA404 /* Release */,
			);
			defaultConfigurationIsVisible = 0;
		};
		0575D78619BE159C003BA404 /* Build configuration list for PBXNativeTarget "User Data ChallengeTests" */ = {
			isa = XCConfigurationList;
			buildConfigurations = (
				0575D78719BE159C003BA404 /* Debug */,
				0575D78819BE159C003BA404 /* Release */,
			);
			defaultConfigurationIsVisible = 0;
		};
/* End XCConfigurationList section */
	};
	rootObject = 0575D74919BE159B003BA404 /* Project object */;
}
